
Microsoft Visual Studio Solution File, Format Version 12.00
# Visual Studio 14
VisualStudioVersion = 14.0.24720.0
MinimumVisualStudioVersion = 10.0.40219.1
Project("{FAE04EC0-301F-11D3-BF4B-00C04F79EFBC}") = "ghEmguCV", "ghEmguCV.csproj", "{C87A7471-5740-4728-B13A-76A157548EBB}"
EndProject
Global
	GlobalSection(SolutionConfigurationPlatforms) = preSolution
		Debug64|Any CPU = Debug64|Any CPU
		Release|Any CPU = Release|Any CPU
	EndGlobalSection
	GlobalSection(ProjectConfigurationPlatforms) = postSolution
		{C87A7471-5740-4728-B13A-76A157548EBB}.Debug64|Any CPU.ActiveCfg = Debug64|Any CPU
		{C87A7471-5740-4728-B13A-76A157548EBB}.Debug64|Any CPU.Build.0 = Debug64|Any CPU
		{C87A7471-5740-4728-B13A-76A157548EBB}.Release|Any CPU.ActiveCfg = Release|Any CPU
		{C87A7471-5740-4728-B13A-76A157548EBB}.Release|Any CPU.Build.0 = Release|Any CPU
	EndGlobalSection
	GlobalSection(SolutionProperties) = preSolution
		HideSolutionNode = FALSE
	EndGlobalSection
EndGlobal
